
Microsoft Visual Studio Solution File, Format Version 12.00
Project("{FAE04EC0-301F-11D3-BF4B-00C04F79EFBC}") = "GameGuild.CMS", "cms.csproj", "{CE2E3AB1-0E9D-46F2-8F0B-25C2F0BBE9DD}"
EndProject
Global
	GlobalSection(SolutionConfigurationPlatforms) = preSolution
		Debug|Any CPU = Debug|Any CPU
		Release|Any CPU = Release|Any CPU
	EndGlobalSection
	GlobalSection(ProjectConfigurationPlatforms) = postSolution
		{CE2E3AB1-0E9D-46F2-8F0B-25C2F0BBE9DD}.Debug|Any CPU.ActiveCfg = Debug|Any CPU
		{CE2E3AB1-0E9D-46F2-8F0B-25C2F0BBE9DD}.Debug|Any CPU.Build.0 = Debug|Any CPU
		{CE2E3AB1-0E9D-46F2-8F0B-25C2F0BBE9DD}.Release|Any CPU.ActiveCfg = Release|Any CPU
		{CE2E3AB1-0E9D-46F2-8F0B-25C2F0BBE9DD}.Release|Any CPU.Build.0 = Release|Any CPU
	EndGlobalSection
EndGlobal
